
Microsoft Visual Studio Solution File, Format Version 12.00
# Visual Studio Version 17
VisualStudioVersion = 17.1.32319.34
MinimumVisualStudioVersion = 10.0.40219.1
Project("{FAE04EC0-301F-11D3-BF4B-00C04F79EFBC}") = "HW8_panels2.0", "HW8_panels2.0.csproj", "{214A0D82-DF5D-4BD5-BCCC-A218554B24B6}"
EndProject
Global
	GlobalSection(SolutionConfigurationPlatforms) = preSolution
		Debug|Any CPU = Debug|Any CPU
		Release|Any CPU = Release|Any CPU
	EndGlobalSection
	GlobalSection(ProjectConfigurationPlatforms) = postSolution
		{214A0D82-DF5D-4BD5-BCCC-A218554B24B6}.Debug|Any CPU.ActiveCfg = Debug|Any CPU
		{214A0D82-DF5D-4BD5-BCCC-A218554B24B6}.Debug|Any CPU.Build.0 = Debug|Any CPU
		{214A0D82-DF5D-4BD5-BCCC-A218554B24B6}.Release|Any CPU.ActiveCfg = Release|Any CPU
		{214A0D82-DF5D-4BD5-BCCC-A218554B24B6}.Release|Any CPU.Build.0 = Release|Any CPU
	EndGlobalSection
	GlobalSection(SolutionProperties) = preSolution
		HideSolutionNode = FALSE
	EndGlobalSection
	GlobalSection(ExtensibilityGlobals) = postSolution
		SolutionGuid = {6E0B6211-63C9-4FE1-A14A-ACDB3F07B5B2}
	EndGlobalSection
EndGlobal
